version = 1
revision = 3
requires-python = ">=3.12"

[[package]]
name = "casbin"
version = "1.43.0"
source = { registry = "https://pypi.org/simple" }
dependencies = [
    { name = "simpleeval" },
]
sdist = { url = "https://files.pythonhosted.org/packages/ad/df/ff2aa55cf0d7c14622ce4f9252cdc34c828c81d4213965d73207ac5434ae/casbin-1.43.0.tar.gz", hash = "sha256:d2e90ce8e72f912877851e94d37999f32c558c6ba7aba0437d483275262e86e0", size = 425727, upload-time = "2025-05-10T06:57:18.902Z" }
wheels = [
    { url = "https://files.pythonhosted.org/packages/08/07/facef6abd81378e6153b757dc1848621675d971fbc88ebb5d182ebc1c37f/casbin-1.43.0-py3-none-any.whl", hash = "sha256:63a3d1228870250e859ccd94133fe478821093f71dd37f05e0baa0c6fea26623", size = 475059, upload-time = "2025-05-10T06:57:16.89Z" },
]

[[package]]
name = "casbin-learning"
version = "0.1.0"
source = { virtual = "." }
dependencies = [
    { name = "casbin" },
]

[package.metadata]
requires-dist = [{ name = "casbin", specifier = ">=1.43.0" }]

[[package]]
name = "simpleeval"
version = "1.0.7"
source = { registry = "https://pypi.org/simple" }
sdist = { url = "https://files.pythonhosted.org/packages/b4/9d/e7c9309940794dd3073cba2e5101df5874d84243595ce63b1e1c8f9b9c76/simpleeval-1.0.7.tar.gz", hash = "sha256:1e10e5f9fec597814444e20c0892ed15162fa214c8a88f434b5b077cf2fef85b", size = 30250, upload-time = "2026-03-16T10:53:03.464Z" }
wheels = [
    { url = "https://files.pythonhosted.org/packages/0f/2f/f32aa85591882378bb43caa09363f3ed97df399369a5144c7f19f2275bc0/simpleeval-1.0.7-py3-none-any.whl", hash = "sha256:97ac271bfd8f2af9e7b9a36ceea67617f26fa873f9d5ae1922f64d4c1442534b", size = 18792, upload-time = "2026-03-16T10:53:02.103Z" },
]
